// !$*UTF8*$!
{
	archiveVersion = 1;
	classes = {
	};
	objectVersion = 56;
	objects = {

/* Begin PBXBuildFile section */
		7C2D514C2B57FA8A00E47A7D /* AppDelegate.swift in Sources */ = {isa = PBXBuildFile; fileRef = 7C2D514B2B57FA8A00E47A7D /* AppDelegate.swift */; };
		7C2D514E2B57FA8A00E47A7D /* SceneDelegate.swift in Sources */ = {isa = PBXBuildFile; fileRef = 7C2D514D2B57FA8A00E47A7D /* SceneDelegate.swift */; };
		7C2D51502B57FA8A00E47A7D /* TrackerViewController.swift in Sources */ = {isa = PBXBuildFile; fileRef = 7C2D514F2B57FA8A00E47A7D /* TrackerViewController.swift */; };
		7C2D51552B57FA8C00E47A7D /* Assets.xcassets in Resources */ = {isa = PBXBuildFile; fileRef = 7C2D51542B57FA8C00E47A7D /* Assets.xcassets */; };
		7C2D51582B57FA8C00E47A7D /* LaunchScreen.storyboard in Resources */ = {isa = PBXBuildFile; fileRef = 7C2D51562B57FA8C00E47A7D /* LaunchScreen.storyboard */; };
		7C2D51602B5868E100E47A7D /* TabBarViewController.swift in Sources */ = {isa = PBXBuildFile; fileRef = 7C2D515F2B5868E100E47A7D /* TabBarViewController.swift */; };
		7C39B4322B6BCCD900EFB019 /* StatisticsViewController.swift in Sources */ = {isa = PBXBuildFile; fileRef = 7C39B4312B6BCCD900EFB019 /* StatisticsViewController.swift */; };
		7C5319CB2B7677EB004F7DBB /* TrackerCreator.swift in Sources */ = {isa = PBXBuildFile; fileRef = 7C5319CA2B7677EB004F7DBB /* TrackerCreator.swift */; };
		7CDF460A2B6F976000AD4194 /* Tracker.swift in Sources */ = {isa = PBXBuildFile; fileRef = 7CDF46092B6F976000AD4194 /* Tracker.swift */; };
		7CDF460C2B6F987F00AD4194 /* TrackerCategory.swift in Sources */ = {isa = PBXBuildFile; fileRef = 7CDF460B2B6F987F00AD4194 /* TrackerCategory.swift */; };
		7CDF46102B6F9BF800AD4194 /* TrackerRecord.swift in Sources */ = {isa = PBXBuildFile; fileRef = 7CDF460F2B6F9BF800AD4194 /* TrackerRecord.swift */; };
/* End PBXBuildFile section */

/* Begin PBXFileReference section */
		7C2D51482B57FA8A00E47A7D /* Tracker.app */ = {isa = PBXFileReference; explicitFileType = wrapper.application; includeInIndex = 0; path = Tracker.app; sourceTree = BUILT_PRODUCTS_DIR; };
		7C2D514B2B57FA8A00E47A7D /* AppDelegate.swift */ = {isa = PBXFileReference; lastKnownFileType = sourcecode.swift; path = AppDelegate.swift; sourceTree = "<group>"; };
		7C2D514D2B57FA8A00E47A7D /* SceneDelegate.swift */ = {isa = PBXFileReference; lastKnownFileType = sourcecode.swift; path = SceneDelegate.swift; sourceTree = "<group>"; };
		7C2D514F2B57FA8A00E47A7D /* TrackerViewController.swift */ = {isa = PBXFileReference; lastKnownFileType = sourcecode.swift; path = TrackerViewController.swift; sourceTree = "<group>"; };
		7C2D51542B57FA8C00E47A7D /* Assets.xcassets */ = {isa = PBXFileReference; lastKnownFileType = folder.assetcatalog; path = Assets.xcassets; sourceTree = "<group>"; };
		7C2D51572B57FA8C00E47A7D /* Base */ = {isa = PBXFileReference; lastKnownFileType = file.storyboard; name = Base; path = Base.lproj/LaunchScreen.storyboard; sourceTree = "<group>"; };
		7C2D51592B57FA8C00E47A7D /* Info.plist */ = {isa = PBXFileReference; lastKnownFileType = text.plist.xml; path = Info.plist; sourceTree = "<group>"; };
		7C2D515F2B5868E100E47A7D /* TabBarViewController.swift */ = {isa = PBXFileReference; lastKnownFileType = sourcecode.swift; path = TabBarViewController.swift; sourceTree = "<group>"; };
		7C39B4312B6BCCD900EFB019 /* StatisticsViewController.swift */ = {isa = PBXFileReference; lastKnownFileType = sourcecode.swift; path = StatisticsViewController.swift; sourceTree = "<group>"; };
		7C5319CA2B7677EB004F7DBB /* TrackerCreator.swift */ = {isa = PBXFileReference; lastKnownFileType = sourcecode.swift; path = TrackerCreator.swift; sourceTree = "<group>"; };
		7CDF46092B6F976000AD4194 /* Tracker.swift */ = {isa = PBXFileReference; lastKnownFileType = sourcecode.swift; path = Tracker.swift; sourceTree = "<group>"; };
		7CDF460B2B6F987F00AD4194 /* TrackerCategory.swift */ = {isa = PBXFileReference; lastKnownFileType = sourcecode.swift; path = TrackerCategory.swift; sourceTree = "<group>"; };
		7CDF460F2B6F9BF800AD4194 /* TrackerRecord.swift */ = {isa = PBXFileReference; lastKnownFileType = sourcecode.swift; path = TrackerRecord.swift; sourceTree = "<group>"; };
/* End PBXFileReference section */

/* Begin PBXFrameworksBuildPhase section */
		7C2D51452B57FA8A00E47A7D /* Frameworks */ = {
			isa = PBXFrameworksBuildPhase;
			buildActionMask = 2147483647;
			files = (
			);
			runOnlyForDeploymentPostprocessing = 0;
		};
/* End PBXFrameworksBuildPhase section */

/* Begin PBXGroup section */
		7C2D513F2B57FA8A00E47A7D = {
			isa = PBXGroup;
			children = (
				7C2D514A2B57FA8A00E47A7D /* Tracker */,
				7C2D51492B57FA8A00E47A7D /* Products */,
			);
			sourceTree = "<group>";
		};
		7C2D51492B57FA8A00E47A7D /* Products */ = {
			isa = PBXGroup;
			children = (
				7C2D51482B57FA8A00E47A7D /* Tracker.app */,
			);
			name = Products;
			sourceTree = "<group>";
		};
		7C2D514A2B57FA8A00E47A7D /* Tracker */ = {
			isa = PBXGroup;
			children = (
				7C2D514B2B57FA8A00E47A7D /* AppDelegate.swift */,
				7C2D514D2B57FA8A00E47A7D /* SceneDelegate.swift */,
				7CDF460D2B6F9A5F00AD4194 /* Models */,
				7CDF460E2B6F9A7F00AD4194 /* ViewController */,
				7C2D51542B57FA8C00E47A7D /* Assets.xcassets */,
				7C2D51562B57FA8C00E47A7D /* LaunchScreen.storyboard */,
				7C2D51592B57FA8C00E47A7D /* Info.plist */,
			);
			path = Tracker;
			sourceTree = "<group>";
		};
		7C5319C92B76778B004F7DBB /* TrackerManager */ = {
			isa = PBXGroup;
			children = (
				7C2D514F2B57FA8A00E47A7D /* TrackerViewController.swift */,
				7C5319CA2B7677EB004F7DBB /* TrackerCreator.swift */,
			);
			path = TrackerManager;
			sourceTree = "<group>";
		};
		7CDF460D2B6F9A5F00AD4194 /* Models */ = {
			isa = PBXGroup;
			children = (
				7CDF46092B6F976000AD4194 /* Tracker.swift */,
				7CDF460B2B6F987F00AD4194 /* TrackerCategory.swift */,
				7CDF460F2B6F9BF800AD4194 /* TrackerRecord.swift */,
			);
			path = Models;
			sourceTree = "<group>";
		};
		7CDF460E2B6F9A7F00AD4194 /* ViewController */ = {
			isa = PBXGroup;
			children = (
				7C5319C92B76778B004F7DBB /* TrackerManager */,
				7C2D515F2B5868E100E47A7D /* TabBarViewController.swift */,
				7C39B4312B6BCCD900EFB019 /* StatisticsViewController.swift */,
			);
			path = ViewController;
			sourceTree = "<group>";
		};
/* End PBXGroup section */

/* Begin PBXNativeTarget section */
		7C2D51472B57FA8A00E47A7D /* Tracker */ = {
			isa = PBXNativeTarget;
			buildConfigurationList = 7C2D515C2B57FA8C00E47A7D /* Build configuration list for PBXNativeTarget "Tracker" */;
			buildPhases = (
				7C2D51442B57FA8A00E47A7D /* Sources */,
				7C2D51452B57FA8A00E47A7D /* Frameworks */,
				7C2D51462B57FA8A00E47A7D /* Resources */,
			);
			buildRules = (
			);
			dependencies = (
			);
			name = Tracker;
			productName = Tracker;
			productReference = 7C2D51482B57FA8A00E47A7D /* Tracker.app */;
			productType = "com.apple.product-type.application";
		};
/* End PBXNativeTarget section */

/* Begin PBXProject section */
		7C2D51402B57FA8A00E47A7D /* Project object */ = {
			isa = PBXProject;
			attributes = {
				BuildIndependentTargetsInParallel = 1;
				LastSwiftUpdateCheck = 1520;
				LastUpgradeCheck = 1520;
				TargetAttributes = {
					7C2D51472B57FA8A00E47A7D = {
						CreatedOnToolsVersion = 15.2;
					};
				};
			};
			buildConfigurationList = 7C2D51432B57FA8A00E47A7D /* Build configuration list for PBXProject "Tracker" */;
			compatibilityVersion = "Xcode 14.0";
			developmentRegion = en;
			hasScannedForEncodings = 0;
			knownRegions = (
				en,
				Base,
			);
			mainGroup = 7C2D513F2B57FA8A00E47A7D;
			productRefGroup = 7C2D51492B57FA8A00E47A7D /* Products */;
			projectDirPath = "";
			projectRoot = "";
			targets = (
				7C2D51472B57FA8A00E47A7D /* Tracker */,
			);
		};
/* End PBXProject section */

/* Begin PBXResourcesBuildPhase section */
		7C2D51462B57FA8A00E47A7D /* Resources */ = {
			isa = PBXResourcesBuildPhase;
			buildActionMask = 2147483647;
			files = (
				7C2D51582B57FA8C00E47A7D /* LaunchScreen.storyboard in Resources */,
				7C2D51552B57FA8C00E47A7D /* Assets.xcassets in Resources */,
			);
			runOnlyForDeploymentPostprocessing = 0;
		};
/* End PBXResourcesBuildPhase section */

/* Begin PBXSourcesBuildPhase section */
		7C2D51442B57FA8A00E47A7D /* Sources */ = {
			isa = PBXSourcesBuildPhase;
			buildActionMask = 2147483647;
			files = (
				7CDF460A2B6F976000AD4194 /* Tracker.swift in Sources */,
				7C5319CB2B7677EB004F7DBB /* TrackerCreator.swift in Sources */,
				7CDF46102B6F9BF800AD4194 /* TrackerRecord.swift in Sources */,
				7C2D51502B57FA8A00E47A7D /* TrackerViewController.swift in Sources */,
				7C39B4322B6BCCD900EFB019 /* StatisticsViewController.swift in Sources */,
				7C2D51602B5868E100E47A7D /* TabBarViewController.swift in Sources */,
				7C2D514C2B57FA8A00E47A7D /* AppDelegate.swift in Sources */,
				7C2D514E2B57FA8A00E47A7D /* SceneDelegate.swift in Sources */,
				7CDF460C2B6F987F00AD4194 /* TrackerCategory.swift in Sources */,
			);
			runOnlyForDeploymentPostprocessing = 0;
		};
/* End PBXSourcesBuildPhase section */

/* Begin PBXVariantGroup section */
		7C2D51562B57FA8C00E47A7D /* LaunchScreen.storyboard */ = {
			isa = PBXVariantGroup;
			children = (
				7C2D51572B57FA8C00E47A7D /* Base */,
			);
			name = LaunchScreen.storyboard;
			sourceTree = "<group>";
		};
/* End PBXVariantGroup section */

/* Begin XCBuildConfiguration section */
		7C2D515A2B57FA8C00E47A7D /* Debug */ = {
			isa = XCBuildConfiguration;
			buildSettings = {
				ALWAYS_SEARCH_USER_PATHS = NO;
				ASSETCATALOG_COMPILER_GENERATE_SWIFT_ASSET_SYMBOL_EXTENSIONS = YES;
				CLANG_ANALYZER_NONNULL = YES;
				CLANG_ANALYZER_NUMBER_OBJECT_CONVERSION = YES_AGGRESSIVE;
				CLANG_CXX_LANGUAGE_STANDARD = "gnu++20";
				CLANG_ENABLE_MODULES = YES;
				CLANG_ENABLE_OBJC_ARC = YES;
				CLANG_ENABLE_OBJC_WEAK = YES;
				CLANG_WARN_BLOCK_CAPTURE_AUTORELEASING = YES;
				CLANG_WARN_BOOL_CONVERSION = YES;
				CLANG_WARN_COMMA = YES;
				CLANG_WARN_CONSTANT_CONVERSION = YES;
				CLANG_WARN_DEPRECATED_OBJC_IMPLEMENTATIONS = YES;
				CLANG_WARN_DIRECT_OBJC_ISA_USAGE = YES_ERROR;
				CLANG_WARN_DOCUMENTATION_COMMENTS = YES;
				CLANG_WARN_EMPTY_BODY = YES;
				CLANG_WARN_ENUM_CONVERSION = YES;
				CLANG_WARN_INFINITE_RECURSION = YES;
				CLANG_WARN_INT_CONVERSION = YES;
				CLANG_WARN_NON_LITERAL_NULL_CONVERSION = YES;
				CLANG_WARN_OBJC_IMPLICIT_RETAIN_SELF = YES;
				CLANG_WARN_OBJC_LITERAL_CONVERSION = YES;
				CLANG_WARN_OBJC_ROOT_CLASS = YES_ERROR;
				CLANG_WARN_QUOTED_INCLUDE_IN_FRAMEWORK_HEADER = YES;
				CLANG_WARN_RANGE_LOOP_ANALYSIS = YES;
				CLANG_WARN_STRICT_PROTOTYPES = YES;
				CLANG_WARN_SUSPICIOUS_MOVE = YES;
				CLANG_WARN_UNGUARDED_AVAILABILITY = YES_AGGRESSIVE;
				CLANG_WARN_UNREACHABLE_CODE = YES;
				CLANG_WARN__DUPLICATE_METHOD_MATCH = YES;
				COPY_PHASE_STRIP = NO;
				DEBUG_INFORMATION_FORMAT = dwarf;
				ENABLE_STRICT_OBJC_MSGSEND = YES;
				ENABLE_TESTABILITY = YES;
				ENABLE_USER_SCRIPT_SANDBOXING = YES;
				GCC_C_LANGUAGE_STANDARD = gnu17;
				GCC_DYNAMIC_NO_PIC = NO;
				GCC_NO_COMMON_BLOCKS = YES;
				GCC_OPTIMIZATION_LEVEL = 0;
				GCC_PREPROCESSOR_DEFINITIONS = (
					"DEBUG=1",
					"$(inherited)",
				);
				GCC_WARN_64_TO_32_BIT_CONVERSION = YES;
				GCC_WARN_ABOUT_RETURN_TYPE = YES_ERROR;
				GCC_WARN_UNDECLARED_SELECTOR = YES;
				GCC_WARN_UNINITIALIZED_AUTOS = YES_AGGRESSIVE;
				GCC_WARN_UNUSED_FUNCTION = YES;
				GCC_WARN_UNUSED_VARIABLE = YES;
				IPHONEOS_DEPLOYMENT_TARGET = 17.2;
				LOCALIZATION_PREFERS_STRING_CATALOGS = YES;
				MTL_ENABLE_DEBUG_INFO = INCLUDE_SOURCE;
				MTL_FAST_MATH = YES;
				ONLY_ACTIVE_ARCH = YES;
				SDKROOT = iphoneos;
				SWIFT_ACTIVE_COMPILATION_CONDITIONS = "DEBUG $(inherited)";
				SWIFT_OPTIMIZATION_LEVEL = "-Onone";
			};
			name = Debug;
		};
		7C2D515B2B57FA8C00E47A7D /* Release */ = {
			isa = XCBuildConfiguration;
			buildSettings = {
				ALWAYS_SEARCH_USER_PATHS = NO;
				ASSETCATALOG_COMPILER_GENERATE_SWIFT_ASSET_SYMBOL_EXTENSIONS = YES;
				CLANG_ANALYZER_NONNULL = YES;
				CLANG_ANALYZER_NUMBER_OBJECT_CONVERSION = YES_AGGRESSIVE;
				CLANG_CXX_LANGUAGE_STANDARD = "gnu++20";
				CLANG_ENABLE_MODULES = YES;
				CLANG_ENABLE_OBJC_ARC = YES;
				CLANG_ENABLE_OBJC_WEAK = YES;
				CLANG_WARN_BLOCK_CAPTURE_AUTORELEASING = YES;
				CLANG_WARN_BOOL_CONVERSION = YES;
				CLANG_WARN_COMMA = YES;
				CLANG_WARN_CONSTANT_CONVERSION = YES;
				CLANG_WARN_DEPRECATED_OBJC_IMPLEMENTATIONS = YES;
				CLANG_WARN_DIRECT_OBJC_ISA_USAGE = YES_ERROR;
				CLANG_WARN_DOCUMENTATION_COMMENTS = YES;
				CLANG_WARN_EMPTY_BODY = YES;
				CLANG_WARN_ENUM_CONVERSION = YES;
				CLANG_WARN_INFINITE_RECURSION = YES;
				CLANG_WARN_INT_CONVERSION = YES;
				CLANG_WARN_NON_LITERAL_NULL_CONVERSION = YES;
				CLANG_WARN_OBJC_IMPLICIT_RETAIN_SELF = YES;
				CLANG_WARN_OBJC_LITERAL_CONVERSION = YES;
				CLANG_WARN_OBJC_ROOT_CLASS = YES_ERROR;
				CLANG_WARN_QUOTED_INCLUDE_IN_FRAMEWORK_HEADER = YES;
				CLANG_WARN_RANGE_LOOP_ANALYSIS = YES;
				CLANG_WARN_STRICT_PROTOTYPES = YES;
				CLANG_WARN_SUSPICIOUS_MOVE = YES;
				CLANG_WARN_UNGUARDED_AVAILABILITY = YES_AGGRESSIVE;
				CLANG_WARN_UNREACHABLE_CODE = YES;
				CLANG_WARN__DUPLICATE_METHOD_MATCH = YES;
				COPY_PHASE_STRIP = NO;
				DEBUG_INFORMATION_FORMAT = "dwarf-with-dsym";
				ENABLE_NS_ASSERTIONS = NO;
				ENABLE_STRICT_OBJC_MSGSEND = YES;
				ENABLE_USER_SCRIPT_SANDBOXING = YES;
				GCC_C_LANGUAGE_STANDARD = gnu17;
				GCC_NO_COMMON_BLOCKS = YES;
				GCC_WARN_64_TO_32_BIT_CONVERSION = YES;
				GCC_WARN_ABOUT_RETURN_TYPE = YES_ERROR;
				GCC_WARN_UNDECLARED_SELECTOR = YES;
				GCC_WARN_UNINITIALIZED_AUTOS = YES_AGGRESSIVE;
				GCC_WARN_UNUSED_FUNCTION = YES;
				GCC_WARN_UNUSED_VARIABLE = YES;
				IPHONEOS_DEPLOYMENT_TARGET = 17.2;
				LOCALIZATION_PREFERS_STRING_CATALOGS = YES;
				MTL_ENABLE_DEBUG_INFO = NO;
				MTL_FAST_MATH = YES;
				SDKROOT = iphoneos;
				SWIFT_COMPILATION_MODE = wholemodule;
				VALIDATE_PRODUCT = YES;
			};
			name = Release;
		};
		7C2D515D2B57FA8C00E47A7D /* Debug */ = {
			isa = XCBuildConfiguration;
			buildSettings = {
				ASSETCATALOG_COMPILER_APPICON_NAME = AppIcon;
				ASSETCATALOG_COMPILER_GLOBAL_ACCENT_COLOR_NAME = "Color selection 1";
				CODE_SIGN_STYLE = Automatic;
				CURRENT_PROJECT_VERSION = 1;
				GENERATE_INFOPLIST_FILE = YES;
				INFOPLIST_FILE = Tracker/Info.plist;
				INFOPLIST_KEY_UIApplicationSupportsIndirectInputEvents = YES;
				INFOPLIST_KEY_UILaunchStoryboardName = LaunchScreen;
				INFOPLIST_KEY_UIStatusBarStyle = "";
				INFOPLIST_KEY_UISupportedInterfaceOrientations = UIInterfaceOrientationPortrait;
				IPHONEOS_DEPLOYMENT_TARGET = 13.4;
				LD_RUNPATH_SEARCH_PATHS = (
					"$(inherited)",
					"@executable_path/Frameworks",
				);
				MARKETING_VERSION = 1.0;
				PRODUCT_BUNDLE_IDENTIFIER = ru.praktikum.Tracker;
				PRODUCT_NAME = "$(TARGET_NAME)";
				SWIFT_EMIT_LOC_STRINGS = YES;
				SWIFT_VERSION = 5.0;
				TARGETED_DEVICE_FAMILY = "1,2";
			};
			name = Debug;
		};
		7C2D515E2B57FA8C00E47A7D /* Release */ = {
			isa = XCBuildConfiguration;
			buildSettings = {
				ASSETCATALOG_COMPILER_APPICON_NAME = AppIcon;
				ASSETCATALOG_COMPILER_GLOBAL_ACCENT_COLOR_NAME = "Color selection 1";
				CODE_SIGN_STYLE = Automatic;
				CURRENT_PROJECT_VERSION = 1;
				GENERATE_INFOPLIST_FILE = YES;
				INFOPLIST_FILE = Tracker/Info.plist;
				INFOPLIST_KEY_UIApplicationSupportsIndirectInputEvents = YES;
				INFOPLIST_KEY_UILaunchStoryboardName = LaunchScreen;
				INFOPLIST_KEY_UIStatusBarStyle = "";
				INFOPLIST_KEY_UISupportedInterfaceOrientations = UIInterfaceOrientationPortrait;
				IPHONEOS_DEPLOYMENT_TARGET = 13.4;
				LD_RUNPATH_SEARCH_PATHS = (
					"$(inherited)",
					"@executable_path/Frameworks",
				);
				MARKETING_VERSION = 1.0;
				PRODUCT_BUNDLE_IDENTIFIER = ru.praktikum.Tracker;
				PRODUCT_NAME = "$(TARGET_NAME)";
				SWIFT_EMIT_LOC_STRINGS = YES;
				SWIFT_VERSION = 5.0;
				TARGETED_DEVICE_FAMILY = "1,2";
			};
			name = Release;
		};
/* End XCBuildConfiguration section */

/* Begin XCConfigurationList section */
		7C2D51432B57FA8A00E47A7D /* Build configuration list for PBXProject "Tracker" */ = {
			isa = XCConfigurationList;
			buildConfigurations = (
				7C2D515A2B57FA8C00E47A7D /* Debug */,
				7C2D515B2B57FA8C00E47A7D /* Release */,
			);
			defaultConfigurationIsVisible = 0;
			defaultConfigurationName = Release;
		};
		7C2D515C2B57FA8C00E47A7D /* Build configuration list for PBXNativeTarget "Tracker" */ = {
			isa = XCConfigurationList;
			buildConfigurations = (
				7C2D515D2B57FA8C00E47A7D /* Debug */,
				7C2D515E2B57FA8C00E47A7D /* Release */,
			);
			defaultConfigurationIsVisible = 0;
			defaultConfigurationName = Release;
		};
/* End XCConfigurationList section */
	};
	rootObject = 7C2D51402B57FA8A00E47A7D /* Project object */;
}
